
Microsoft Visual Studio Solution File, Format Version 12.00
# Visual Studio Version 17
VisualStudioVersion = 17.4.33110.190
MinimumVisualStudioVersion = 10.0.40219.1
Project("{FAE04EC0-301F-11D3-BF4B-00C04F79EFBC}") = "PROYECTO_POO", "PROYECTO_POO.csproj", "{34F95A84-631C-4C09-B607-42C097EA286D}"
EndProject
Global
	GlobalSection(SolutionConfigurationPlatforms) = preSolution
		Debug|Any CPU = Debug|Any CPU
		Release|Any CPU = Release|Any CPU
	EndGlobalSection
	GlobalSection(ProjectConfigurationPlatforms) = postSolution
		{34F95A84-631C-4C09-B607-42C097EA286D}.Debug|Any CPU.ActiveCfg = Debug|Any CPU
		{34F95A84-631C-4C09-B607-42C097EA286D}.Debug|Any CPU.Build.0 = Debug|Any CPU
		{34F95A84-631C-4C09-B607-42C097EA286D}.Release|Any CPU.ActiveCfg = Release|Any CPU
		{34F95A84-631C-4C09-B607-42C097EA286D}.Release|Any CPU.Build.0 = Release|Any CPU
	EndGlobalSection
	GlobalSection(SolutionProperties) = preSolution
		HideSolutionNode = FALSE
	EndGlobalSection
	GlobalSection(ExtensibilityGlobals) = postSolution
		SolutionGuid = {8F813329-2E13-4913-B2CC-312109D32AFC}
	EndGlobalSection
EndGlobal
